
Microsoft Visual Studio Solution File, Format Version 12.00
# Visual Studio Version 16
VisualStudioVersion = 16.0.31424.327
MinimumVisualStudioVersion = 10.0.40219.1
Project("{FAE04EC0-301F-11D3-BF4B-00C04F79EFBC}") = "Weather", "Weather\Weather.csproj", "{1DBD65DF-449D-466C-9530-9061277B7305}"
EndProject
Global
	GlobalSection(SolutionConfigurationPlatforms) = preSolution
		Debug|Any CPU = Debug|Any CPU
		Release|Any CPU = Release|Any CPU
	EndGlobalSection
	GlobalSection(ProjectConfigurationPlatforms) = postSolution
		{1DBD65DF-449D-466C-9530-9061277B7305}.Debug|Any CPU.ActiveCfg = Debug|Any CPU
		{1DBD65DF-449D-466C-9530-9061277B7305}.Debug|Any CPU.Build.0 = Debug|Any CPU
		{1DBD65DF-449D-466C-9530-9061277B7305}.Release|Any CPU.ActiveCfg = Release|Any CPU
		{1DBD65DF-449D-466C-9530-9061277B7305}.Release|Any CPU.Build.0 = Release|Any CPU
	EndGlobalSection
	GlobalSection(SolutionProperties) = preSolution
		HideSolutionNode = FALSE
	EndGlobalSection
	GlobalSection(ExtensibilityGlobals) = postSolution
		SolutionGuid = {F10C6E14-759B-4AE0-9614-50792ACED9A2}
	EndGlobalSection
EndGlobal
